// !$*UTF8*$!
{
	archiveVersion = 1;
	classes = {
	};
	objectVersion = 50;
	objects = {

/* Begin PBXBuildFile section */
		6901D665239CE74F00646EEA /* CustomCellView.swift in Sources */ = {isa = PBXBuildFile; fileRef = 6901D664239CE74F00646EEA /* CustomCellView.swift */; };
		691B807223A77A5E0053FF59 /* AppleButton.swift in Sources */ = {isa = PBXBuildFile; fileRef = 691B807123A77A5E0053FF59 /* AppleButton.swift */; };
		69221C62239CDD000026747A /* GoogleButton.swift in Sources */ = {isa = PBXBuildFile; fileRef = 69221C61239CDD000026747A /* GoogleButton.swift */; };
		69221C64239CDD170026747A /* FacebookButton.swift in Sources */ = {isa = PBXBuildFile; fileRef = 69221C63239CDD170026747A /* FacebookButton.swift */; };
		69221C66239CE0500026747A /* CustomButton.swift in Sources */ = {isa = PBXBuildFile; fileRef = 69221C65239CE0500026747A /* CustomButton.swift */; };
		6935019323A28414009E1C76 /* MessageVC.swift in Sources */ = {isa = PBXBuildFile; fileRef = 6935019223A28414009E1C76 /* MessageVC.swift */; };
		69368AB02398F005009BE537 /* CustomSegment.swift in Sources */ = {isa = PBXBuildFile; fileRef = 69368AAF2398F005009BE537 /* CustomSegment.swift */; };
		69368AB22398FA84009BE537 /* CustomParentButton.swift in Sources */ = {isa = PBXBuildFile; fileRef = 69368AB12398FA84009BE537 /* CustomParentButton.swift */; };
		69368AB4239906A8009BE537 /* CustomTextField.swift in Sources */ = {isa = PBXBuildFile; fileRef = 69368AB3239906A8009BE537 /* CustomTextField.swift */; };
		69368AB823995619009BE537 /* GradiantViewOrange.swift in Sources */ = {isa = PBXBuildFile; fileRef = 69368AB723995619009BE537 /* GradiantViewOrange.swift */; };
		69368ABA239A5809009BE537 /* GradientViewBlack.swift in Sources */ = {isa = PBXBuildFile; fileRef = 69368AB9239A5809009BE537 /* GradientViewBlack.swift */; };
		69368ABC239A5B87009BE537 /* SmallButton.swift in Sources */ = {isa = PBXBuildFile; fileRef = 69368ABB239A5B87009BE537 /* SmallButton.swift */; };
		69368ABE239AC5DE009BE537 /* SmallTextField.swift in Sources */ = {isa = PBXBuildFile; fileRef = 69368ABD239AC5DE009BE537 /* SmallTextField.swift */; };
		693736B9239E98DC003D0137 /* MyProductsIntroVC.swift in Sources */ = {isa = PBXBuildFile; fileRef = 693736B8239E98DC003D0137 /* MyProductsIntroVC.swift */; };
		693736BB239F8874003D0137 /* HintsManager.swift in Sources */ = {isa = PBXBuildFile; fileRef = 693736BA239F8874003D0137 /* HintsManager.swift */; };
		693736BD239F8EB6003D0137 /* ReadyProductsListVC.swift in Sources */ = {isa = PBXBuildFile; fileRef = 693736BC239F8EB6003D0137 /* ReadyProductsListVC.swift */; };
		693736BF239F8EC2003D0137 /* ReadyProductCell.swift in Sources */ = {isa = PBXBuildFile; fileRef = 693736BE239F8EC2003D0137 /* ReadyProductCell.swift */; };
		693736C323A21DD6003D0137 /* CalculatorIntroVC.swift in Sources */ = {isa = PBXBuildFile; fileRef = 693736C223A21DD6003D0137 /* CalculatorIntroVC.swift */; };
		693736C623A2262F003D0137 /* FocusView.swift in Sources */ = {isa = PBXBuildFile; fileRef = 693736C523A2262E003D0137 /* FocusView.swift */; };
		694C1B332397E2A800466762 /* GoogleService-Info.plist in Resources */ = {isa = PBXBuildFile; fileRef = 694C1B322397E2A800466762 /* GoogleService-Info.plist */; };
		69CBEE5C23A760D3007823F1 /* AppleSignIn.swift in Sources */ = {isa = PBXBuildFile; fileRef = 69CBEE5B23A760D3007823F1 /* AppleSignIn.swift */; };
		69F97D7023B385A300096E99 /* Localizable.strings in Resources */ = {isa = PBXBuildFile; fileRef = 69F97D7223B385A300096E99 /* Localizable.strings */; };
		69F97D8723B39D9C00096E99 /* AdjustableTextLabel.swift in Sources */ = {isa = PBXBuildFile; fileRef = 69F97D8623B39D9C00096E99 /* AdjustableTextLabel.swift */; };
		D305836EC1DEC5B4F2C72D01 /* Pods_MyDailyCalories.framework in Frameworks */ = {isa = PBXBuildFile; fileRef = 917D9D84576B0F058E1CDE48 /* Pods_MyDailyCalories.framework */; };
		DA08C8C7238FCCE5003EB10C /* PreLoginVC.swift in Sources */ = {isa = PBXBuildFile; fileRef = DA08C8C6238FCCE5003EB10C /* PreLoginVC.swift */; };
		DA280726238A829300C6547A /* MyProductsVC.swift in Sources */ = {isa = PBXBuildFile; fileRef = DA280725238A829300C6547A /* MyProductsVC.swift */; };
		DA280728238AAA3F00C6547A /* EntityCell.swift in Sources */ = {isa = PBXBuildFile; fileRef = DA280727238AAA3F00C6547A /* EntityCell.swift */; };
		DA28072A238AB0EC00C6547A /* Entity.swift in Sources */ = {isa = PBXBuildFile; fileRef = DA280729238AB0EC00C6547A /* Entity.swift */; };
		DA28072C238BE41C00C6547A /* NewProductVC.swift in Sources */ = {isa = PBXBuildFile; fileRef = DA28072B238BE41C00C6547A /* NewProductVC.swift */; };
		DA28072E238BF02F00C6547A /* NewEntityVC.swift in Sources */ = {isa = PBXBuildFile; fileRef = DA28072D238BF02F00C6547A /* NewEntityVC.swift */; };
		DA280730238BFCCF00C6547A /* CalculatorVC.swift in Sources */ = {isa = PBXBuildFile; fileRef = DA28072F238BFCCF00C6547A /* CalculatorVC.swift */; };
		DA280732238C1B9F00C6547A /* CartVC.swift in Sources */ = {isa = PBXBuildFile; fileRef = DA280731238C1B9E00C6547A /* CartVC.swift */; };
		DA280734238C1D2100C6547A /* CartEntityCell.swift in Sources */ = {isa = PBXBuildFile; fileRef = DA280733238C1D2100C6547A /* CartEntityCell.swift */; };
		DA280736238C1EC800C6547A /* CartEntity.swift in Sources */ = {isa = PBXBuildFile; fileRef = DA280735238C1EC800C6547A /* CartEntity.swift */; };
		DA280742238D514900C6547A /* EntitiesFilter.swift in Sources */ = {isa = PBXBuildFile; fileRef = DA280741238D514900C6547A /* EntitiesFilter.swift */; };
		DA280745238D6FE800C6547A /* LoginVC.swift in Sources */ = {isa = PBXBuildFile; fileRef = DA280744238D6FE800C6547A /* LoginVC.swift */; };
		DA53D4B02393B9D10071F3BC /* SettingsVC.swift in Sources */ = {isa = PBXBuildFile; fileRef = DA53D4AF2393B9D10071F3BC /* SettingsVC.swift */; };
		DAA4BD36238FAE3600A34F68 /* AdMob.swift in Sources */ = {isa = PBXBuildFile; fileRef = DAA4BD35238FAE3600A34F68 /* AdMob.swift */; };
		DAB0116E238E69F800539CAD /* Authentication.swift in Sources */ = {isa = PBXBuildFile; fileRef = DAB0116D238E69F800539CAD /* Authentication.swift */; };
		DAC0D2EB2386DC4400BFC4C4 /* AlertManager.swift in Sources */ = {isa = PBXBuildFile; fileRef = DAC0D2EA2386DC4400BFC4C4 /* AlertManager.swift */; };
		DAC0D2F22387D51F00BFC4C4 /* DateManager.swift in Sources */ = {isa = PBXBuildFile; fileRef = DAC0D2F12387D51F00BFC4C4 /* DateManager.swift */; };
		DAD7EE912386646200D251F1 /* AppDelegate.swift in Sources */ = {isa = PBXBuildFile; fileRef = DAD7EE902386646200D251F1 /* AppDelegate.swift */; };
		DAD7EE932386646200D251F1 /* SceneDelegate.swift in Sources */ = {isa = PBXBuildFile; fileRef = DAD7EE922386646200D251F1 /* SceneDelegate.swift */; };
		DAD7EE952386646200D251F1 /* DailyCalsVC.swift in Sources */ = {isa = PBXBuildFile; fileRef = DAD7EE942386646200D251F1 /* DailyCalsVC.swift */; };
		DAD7EE982386646200D251F1 /* Main.storyboard in Resources */ = {isa = PBXBuildFile; fileRef = DAD7EE962386646200D251F1 /* Main.storyboard */; };
		DAD7EE9A2386646400D251F1 /* Assets.xcassets in Resources */ = {isa = PBXBuildFile; fileRef = DAD7EE992386646400D251F1 /* Assets.xcassets */; };
		DAD7EE9D2386646400D251F1 /* LaunchScreen.storyboard in Resources */ = {isa = PBXBuildFile; fileRef = DAD7EE9B2386646400D251F1 /* LaunchScreen.storyboard */; };
		DAD7EEA623866F0700D251F1 /* ProductCell.swift in Sources */ = {isa = PBXBuildFile; fileRef = DAD7EEA523866F0700D251F1 /* ProductCell.swift */; };
		DAD7EEA8238671FB00D251F1 /* Product.swift in Sources */ = {isa = PBXBuildFile; fileRef = DAD7EEA7238671FB00D251F1 /* Product.swift */; };
		DAD7EEAC2386737200D251F1 /* Firebase.swift in Sources */ = {isa = PBXBuildFile; fileRef = DAD7EEAB2386737200D251F1 /* Firebase.swift */; };
/* End PBXBuildFile section */

/* Begin PBXFileReference section */
		100AFFAD627FAB9BA95D3C20 /* Pods-MyDailyCalories.debug.xcconfig */ = {isa = PBXFileReference; includeInIndex = 1; lastKnownFileType = text.xcconfig; name = "Pods-MyDailyCalories.debug.xcconfig"; path = "Pods/Target Support Files/Pods-MyDailyCalories/Pods-MyDailyCalories.debug.xcconfig"; sourceTree = "<group>"; };
		6901D664239CE74F00646EEA /* CustomCellView.swift */ = {isa = PBXFileReference; lastKnownFileType = sourcecode.swift; path = CustomCellView.swift; sourceTree = "<group>"; };
		691B807123A77A5E0053FF59 /* AppleButton.swift */ = {isa = PBXFileReference; lastKnownFileType = sourcecode.swift; path = AppleButton.swift; sourceTree = "<group>"; };
		69221C61239CDD000026747A /* GoogleButton.swift */ = {isa = PBXFileReference; lastKnownFileType = sourcecode.swift; path = GoogleButton.swift; sourceTree = "<group>"; };
		69221C63239CDD170026747A /* FacebookButton.swift */ = {isa = PBXFileReference; lastKnownFileType = sourcecode.swift; path = FacebookButton.swift; sourceTree = "<group>"; };
		69221C65239CE0500026747A /* CustomButton.swift */ = {isa = PBXFileReference; lastKnownFileType = sourcecode.swift; path = CustomButton.swift; sourceTree = "<group>"; };
		6935019223A28414009E1C76 /* MessageVC.swift */ = {isa = PBXFileReference; lastKnownFileType = sourcecode.swift; path = MessageVC.swift; sourceTree = "<group>"; };
		69368AAF2398F005009BE537 /* CustomSegment.swift */ = {isa = PBXFileReference; lastKnownFileType = sourcecode.swift; path = CustomSegment.swift; sourceTree = "<group>"; };
		69368AB12398FA84009BE537 /* CustomParentButton.swift */ = {isa = PBXFileReference; lastKnownFileType = sourcecode.swift; path = CustomParentButton.swift; sourceTree = "<group>"; };
		69368AB3239906A8009BE537 /* CustomTextField.swift */ = {isa = PBXFileReference; lastKnownFileType = sourcecode.swift; path = CustomTextField.swift; sourceTree = "<group>"; };
		69368AB723995619009BE537 /* GradiantViewOrange.swift */ = {isa = PBXFileReference; lastKnownFileType = sourcecode.swift; path = GradiantViewOrange.swift; sourceTree = "<group>"; };
		69368AB9239A5809009BE537 /* GradientViewBlack.swift */ = {isa = PBXFileReference; lastKnownFileType = sourcecode.swift; path = GradientViewBlack.swift; sourceTree = "<group>"; };
		69368ABB239A5B87009BE537 /* SmallButton.swift */ = {isa = PBXFileReference; lastKnownFileType = sourcecode.swift; path = SmallButton.swift; sourceTree = "<group>"; };
		69368ABD239AC5DE009BE537 /* SmallTextField.swift */ = {isa = PBXFileReference; lastKnownFileType = sourcecode.swift; path = SmallTextField.swift; sourceTree = "<group>"; };
		693736B8239E98DC003D0137 /* MyProductsIntroVC.swift */ = {isa = PBXFileReference; lastKnownFileType = sourcecode.swift; path = MyProductsIntroVC.swift; sourceTree = "<group>"; };
		693736BA239F8874003D0137 /* HintsManager.swift */ = {isa = PBXFileReference; lastKnownFileType = sourcecode.swift; path = HintsManager.swift; sourceTree = "<group>"; };
		693736BC239F8EB6003D0137 /* ReadyProductsListVC.swift */ = {isa = PBXFileReference; lastKnownFileType = sourcecode.swift; path = ReadyProductsListVC.swift; sourceTree = "<group>"; };
		693736BE239F8EC2003D0137 /* ReadyProductCell.swift */ = {isa = PBXFileReference; lastKnownFileType = sourcecode.swift; path = ReadyProductCell.swift; sourceTree = "<group>"; };
		693736C223A21DD6003D0137 /* CalculatorIntroVC.swift */ = {isa = PBXFileReference; lastKnownFileType = sourcecode.swift; path = CalculatorIntroVC.swift; sourceTree = "<group>"; };
		693736C523A2262E003D0137 /* FocusView.swift */ = {isa = PBXFileReference; lastKnownFileType = sourcecode.swift; path = FocusView.swift; sourceTree = "<group>"; };
		694C1B322397E2A800466762 /* GoogleService-Info.plist */ = {isa = PBXFileReference; fileEncoding = 4; lastKnownFileType = text.plist.xml; path = "GoogleService-Info.plist"; sourceTree = "<group>"; };
		69CBEE5B23A760D3007823F1 /* AppleSignIn.swift */ = {isa = PBXFileReference; lastKnownFileType = sourcecode.swift; path = AppleSignIn.swift; sourceTree = "<group>"; };
		69F97D6223B37C3700096E99 /* ru */ = {isa = PBXFileReference; lastKnownFileType = text.plist.strings; name = ru; path = ru.lproj/Main.strings; sourceTree = "<group>"; };
		69F97D6323B37C3700096E99 /* ru */ = {isa = PBXFileReference; lastKnownFileType = text.plist.strings; name = ru; path = ru.lproj/LaunchScreen.strings; sourceTree = "<group>"; };
		69F97D7123B385A300096E99 /* en */ = {isa = PBXFileReference; lastKnownFileType = text.plist.strings; name = en; path = en.lproj/Localizable.strings; sourceTree = "<group>"; };
		69F97D7323B385A800096E99 /* ru */ = {isa = PBXFileReference; lastKnownFileType = text.plist.strings; name = ru; path = ru.lproj/Localizable.strings; sourceTree = "<group>"; };
		69F97D7423B38A5E00096E99 /* es */ = {isa = PBXFileReference; lastKnownFileType = text.plist.strings; name = es; path = es.lproj/Main.strings; sourceTree = "<group>"; };
		69F97D7523B38A5E00096E99 /* es */ = {isa = PBXFileReference; lastKnownFileType = text.plist.strings; name = es; path = es.lproj/LaunchScreen.strings; sourceTree = "<group>"; };
		69F97D7623B38A5E00096E99 /* es */ = {isa = PBXFileReference; lastKnownFileType = text.plist.strings; name = es; path = es.lproj/Localizable.strings; sourceTree = "<group>"; };
		69F97D7723B38A9500096E99 /* zh-Hans */ = {isa = PBXFileReference; lastKnownFileType = text.plist.strings; name = "zh-Hans"; path = "zh-Hans.lproj/Main.strings"; sourceTree = "<group>"; };
		69F97D7823B38A9500096E99 /* zh-Hans */ = {isa = PBXFileReference; lastKnownFileType = text.plist.strings; name = "zh-Hans"; path = "zh-Hans.lproj/LaunchScreen.strings"; sourceTree = "<group>"; };
		69F97D7923B38A9600096E99 /* zh-Hans */ = {isa = PBXFileReference; lastKnownFileType = text.plist.strings; name = "zh-Hans"; path = "zh-Hans.lproj/Localizable.strings"; sourceTree = "<group>"; };
		69F97D7A23B38A9A00096E99 /* ja */ = {isa = PBXFileReference; lastKnownFileType = text.plist.strings; name = ja; path = ja.lproj/Main.strings; sourceTree = "<group>"; };
		69F97D7B23B38A9B00096E99 /* ja */ = {isa = PBXFileReference; lastKnownFileType = text.plist.strings; name = ja; path = ja.lproj/LaunchScreen.strings; sourceTree = "<group>"; };
		69F97D7C23B38A9B00096E99 /* ja */ = {isa = PBXFileReference; lastKnownFileType = text.plist.strings; name = ja; path = ja.lproj/Localizable.strings; sourceTree = "<group>"; };
		69F97D7D23B38AA800096E99 /* fr */ = {isa = PBXFileReference; lastKnownFileType = text.plist.strings; name = fr; path = fr.lproj/Main.strings; sourceTree = "<group>"; };
		69F97D7E23B38AA800096E99 /* fr */ = {isa = PBXFileReference; lastKnownFileType = text.plist.strings; name = fr; path = fr.lproj/LaunchScreen.strings; sourceTree = "<group>"; };
		69F97D7F23B38AA800096E99 /* fr */ = {isa = PBXFileReference; lastKnownFileType = text.plist.strings; name = fr; path = fr.lproj/Localizable.strings; sourceTree = "<group>"; };
		69F97D8023B38AAE00096E99 /* de */ = {isa = PBXFileReference; lastKnownFileType = text.plist.strings; name = de; path = de.lproj/Main.strings; sourceTree = "<group>"; };
		69F97D8123B38AAE00096E99 /* de */ = {isa = PBXFileReference; lastKnownFileType = text.plist.strings; name = de; path = de.lproj/LaunchScreen.strings; sourceTree = "<group>"; };
		69F97D8223B38AAE00096E99 /* de */ = {isa = PBXFileReference; lastKnownFileType = text.plist.strings; name = de; path = de.lproj/Localizable.strings; sourceTree = "<group>"; };
		69F97D8323B38AB900096E99 /* it */ = {isa = PBXFileReference; lastKnownFileType = text.plist.strings; name = it; path = it.lproj/Main.strings; sourceTree = "<group>"; };
		69F97D8423B38AB900096E99 /* it */ = {isa = PBXFileReference; lastKnownFileType = text.plist.strings; name = it; path = it.lproj/LaunchScreen.strings; sourceTree = "<group>"; };
		69F97D8523B38AB900096E99 /* it */ = {isa = PBXFileReference; lastKnownFileType = text.plist.strings; name = it; path = it.lproj/Localizable.strings; sourceTree = "<group>"; };
		69F97D8623B39D9C00096E99 /* AdjustableTextLabel.swift */ = {isa = PBXFileReference; lastKnownFileType = sourcecode.swift; path = AdjustableTextLabel.swift; sourceTree = "<group>"; };
		917D9D84576B0F058E1CDE48 /* Pods_MyDailyCalories.framework */ = {isa = PBXFileReference; explicitFileType = wrapper.framework; includeInIndex = 0; path = Pods_MyDailyCalories.framework; sourceTree = BUILT_PRODUCTS_DIR; };
		DA08C8C6238FCCE5003EB10C /* PreLoginVC.swift */ = {isa = PBXFileReference; lastKnownFileType = sourcecode.swift; path = PreLoginVC.swift; sourceTree = "<group>"; };
		DA280725238A829300C6547A /* MyProductsVC.swift */ = {isa = PBXFileReference; lastKnownFileType = sourcecode.swift; path = MyProductsVC.swift; sourceTree = "<group>"; };
		DA280727238AAA3F00C6547A /* EntityCell.swift */ = {isa = PBXFileReference; lastKnownFileType = sourcecode.swift; path = EntityCell.swift; sourceTree = "<group>"; };
		DA280729238AB0EC00C6547A /* Entity.swift */ = {isa = PBXFileReference; lastKnownFileType = sourcecode.swift; path = Entity.swift; sourceTree = "<group>"; };
		DA28072B238BE41C00C6547A /* NewProductVC.swift */ = {isa = PBXFileReference; lastKnownFileType = sourcecode.swift; path = NewProductVC.swift; sourceTree = "<group>"; };
		DA28072D238BF02F00C6547A /* NewEntityVC.swift */ = {isa = PBXFileReference; lastKnownFileType = sourcecode.swift; path = NewEntityVC.swift; sourceTree = "<group>"; };
		DA28072F238BFCCF00C6547A /* CalculatorVC.swift */ = {isa = PBXFileReference; lastKnownFileType = sourcecode.swift; path = CalculatorVC.swift; sourceTree = "<group>"; };
		DA280731238C1B9E00C6547A /* CartVC.swift */ = {isa = PBXFileReference; lastKnownFileType = sourcecode.swift; path = CartVC.swift; sourceTree = "<group>"; };
		DA280733238C1D2100C6547A /* CartEntityCell.swift */ = {isa = PBXFileReference; lastKnownFileType = sourcecode.swift; path = CartEntityCell.swift; sourceTree = "<group>"; };
		DA280735238C1EC800C6547A /* CartEntity.swift */ = {isa = PBXFileReference; lastKnownFileType = sourcecode.swift; path = CartEntity.swift; sourceTree = "<group>"; };
		DA280741238D514900C6547A /* EntitiesFilter.swift */ = {isa = PBXFileReference; lastKnownFileType = sourcecode.swift; path = EntitiesFilter.swift; sourceTree = "<group>"; };
		DA280744238D6FE800C6547A /* LoginVC.swift */ = {isa = PBXFileReference; lastKnownFileType = sourcecode.swift; path = LoginVC.swift; sourceTree = "<group>"; };
		DA53D4AF2393B9D10071F3BC /* SettingsVC.swift */ = {isa = PBXFileReference; lastKnownFileType = sourcecode.swift; path = SettingsVC.swift; sourceTree = "<group>"; };
		DA7DC1152394089D009B6CF7 /* MyDailyCalories.entitlements */ = {isa = PBXFileReference; lastKnownFileType = text.plist.entitlements; path = MyDailyCalories.entitlements; sourceTree = "<group>"; };
		DAA4BD35238FAE3600A34F68 /* AdMob.swift */ = {isa = PBXFileReference; lastKnownFileType = sourcecode.swift; path = AdMob.swift; sourceTree = "<group>"; };
		DAB0116D238E69F800539CAD /* Authentication.swift */ = {isa = PBXFileReference; lastKnownFileType = sourcecode.swift; path = Authentication.swift; sourceTree = "<group>"; };
		DAC0D2EA2386DC4400BFC4C4 /* AlertManager.swift */ = {isa = PBXFileReference; lastKnownFileType = sourcecode.swift; path = AlertManager.swift; sourceTree = "<group>"; };
		DAC0D2F12387D51F00BFC4C4 /* DateManager.swift */ = {isa = PBXFileReference; lastKnownFileType = sourcecode.swift; path = DateManager.swift; sourceTree = "<group>"; };
		DAD7EE8D2386646200D251F1 /* MyDailyCalories.app */ = {isa = PBXFileReference; explicitFileType = wrapper.application; includeInIndex = 0; path = MyDailyCalories.app; sourceTree = BUILT_PRODUCTS_DIR; };
		DAD7EE902386646200D251F1 /* AppDelegate.swift */ = {isa = PBXFileReference; lastKnownFileType = sourcecode.swift; path = AppDelegate.swift; sourceTree = "<group>"; };
		DAD7EE922386646200D251F1 /* SceneDelegate.swift */ = {isa = PBXFileReference; lastKnownFileType = sourcecode.swift; path = SceneDelegate.swift; sourceTree = "<group>"; };
		DAD7EE942386646200D251F1 /* DailyCalsVC.swift */ = {isa = PBXFileReference; lastKnownFileType = sourcecode.swift; path = DailyCalsVC.swift; sourceTree = "<group>"; };
		DAD7EE972386646200D251F1 /* Base */ = {isa = PBXFileReference; lastKnownFileType = file.storyboard; name = Base; path = Base.lproj/Main.storyboard; sourceTree = "<group>"; };
		DAD7EE992386646400D251F1 /* Assets.xcassets */ = {isa = PBXFileReference; lastKnownFileType = folder.assetcatalog; path = Assets.xcassets; sourceTree = "<group>"; };
		DAD7EE9C2386646400D251F1 /* Base */ = {isa = PBXFileReference; lastKnownFileType = file.storyboard; name = Base; path = Base.lproj/LaunchScreen.storyboard; sourceTree = "<group>"; };
		DAD7EE9E2386646400D251F1 /* Info.plist */ = {isa = PBXFileReference; lastKnownFileType = text.plist.xml; path = Info.plist; sourceTree = "<group>"; };
		DAD7EEA523866F0700D251F1 /* ProductCell.swift */ = {isa = PBXFileReference; lastKnownFileType = sourcecode.swift; path = ProductCell.swift; sourceTree = "<group>"; };
		DAD7EEA7238671FB00D251F1 /* Product.swift */ = {isa = PBXFileReference; lastKnownFileType = sourcecode.swift; path = Product.swift; sourceTree = "<group>"; };
		DAD7EEAB2386737200D251F1 /* Firebase.swift */ = {isa = PBXFileReference; lastKnownFileType = sourcecode.swift; path = Firebase.swift; sourceTree = "<group>"; };
		DC9ADA578BC3581A3BDDB329 /* Pods-MyDailyCalories.release.xcconfig */ = {isa = PBXFileReference; includeInIndex = 1; lastKnownFileType = text.xcconfig; name = "Pods-MyDailyCalories.release.xcconfig"; path = "Pods/Target Support Files/Pods-MyDailyCalories/Pods-MyDailyCalories.release.xcconfig"; sourceTree = "<group>"; };
/* End PBXFileReference section */

/* Begin PBXFrameworksBuildPhase section */
		DAD7EE8A2386646200D251F1 /* Frameworks */ = {
			isa = PBXFrameworksBuildPhase;
			buildActionMask = 2147483647;
			files = (
				D305836EC1DEC5B4F2C72D01 /* Pods_MyDailyCalories.framework in Frameworks */,
			);
			runOnlyForDeploymentPostprocessing = 0;
		};
/* End PBXFrameworksBuildPhase section */

/* Begin PBXGroup section */
		522F1E2816671EABFE4F3B3A /* Frameworks */ = {
			isa = PBXGroup;
			children = (
				917D9D84576B0F058E1CDE48 /* Pods_MyDailyCalories.framework */,
			);
			name = Frameworks;
			sourceTree = "<group>";
		};
		693736C423A21DDD003D0137 /* Intro Screens */ = {
			isa = PBXGroup;
			children = (
				693736C223A21DD6003D0137 /* CalculatorIntroVC.swift */,
				693736B8239E98DC003D0137 /* MyProductsIntroVC.swift */,
				693736BA239F8874003D0137 /* HintsManager.swift */,
				693736C523A2262E003D0137 /* FocusView.swift */,
			);
			path = "Intro Screens";
			sourceTree = "<group>";
		};
		69CBEE5D23A760DA007823F1 /* Modal */ = {
			isa = PBXGroup;
			children = (
				69CBEE5B23A760D3007823F1 /* AppleSignIn.swift */,
			);
			path = Modal;
			sourceTree = "<group>";
		};
		69F97D3223B339D600096E99 /* Calculator Screen */ = {
			isa = PBXGroup;
			children = (
				69F97D3323B339E800096E99 /* Controllers */,
				69F97D3523B339FF00096E99 /* Custom Views */,
				69F97D3423B339F500096E99 /* Modal */,
			);
			path = "Calculator Screen";
			sourceTree = "<group>";
		};
		69F97D3323B339E800096E99 /* Controllers */ = {
			isa = PBXGroup;
			children = (
				DA28072F238BFCCF00C6547A /* CalculatorVC.swift */,
				DA280731238C1B9E00C6547A /* CartVC.swift */,
			);
			path = Controllers;
			sourceTree = "<group>";
		};
		69F97D3423B339F500096E99 /* Modal */ = {
			isa = PBXGroup;
			children = (
				DA280735238C1EC800C6547A /* CartEntity.swift */,
			);
			path = Modal;
			sourceTree = "<group>";
		};
		69F97D3523B339FF00096E99 /* Custom Views */ = {
			isa = PBXGroup;
			children = (
				DA280733238C1D2100C6547A /* CartEntityCell.swift */,
				69368ABB239A5B87009BE537 /* SmallButton.swift */,
			);
			path = "Custom Views";
			sourceTree = "<group>";
		};
		69F97D6D23B3853800096E99 /* Base.proj */ = {
			isa = PBXGroup;
			children = (
				69F97D7223B385A300096E99 /* Localizable.strings */,
			);
			path = Base.proj;
			sourceTree = "<group>";
		};
		A1A6480F45DE8021CBFE9398 /* Pods */ = {
			isa = PBXGroup;
			children = (
				100AFFAD627FAB9BA95D3C20 /* Pods-MyDailyCalories.debug.xcconfig */,
				DC9ADA578BC3581A3BDDB329 /* Pods-MyDailyCalories.release.xcconfig */,
			);
			name = Pods;
			sourceTree = "<group>";
		};
		DA280737238D082900C6547A /* My Daily Screen */ = {
			isa = PBXGroup;
			children = (
				DA280738238D084800C6547A /* Controllers */,
				DA28073A238D085800C6547A /* Modal */,
				DA280739238D085100C6547A /* CustomView */,
			);
			path = "My Daily Screen";
			sourceTree = "<group>";
		};
		DA280738238D084800C6547A /* Controllers */ = {
			isa = PBXGroup;
			children = (
				DAD7EE942386646200D251F1 /* DailyCalsVC.swift */,
				DA28072B238BE41C00C6547A /* NewProductVC.swift */,
			);
			path = Controllers;
			sourceTree = "<group>";
		};
		DA280739238D085100C6547A /* CustomView */ = {
			isa = PBXGroup;
			children = (
				DAD7EEA523866F0700D251F1 /* ProductCell.swift */,
			);
			path = CustomView;
			sourceTree = "<group>";
		};
		DA28073A238D085800C6547A /* Modal */ = {
			isa = PBXGroup;
			children = (
				DAD7EEA7238671FB00D251F1 /* Product.swift */,
			);
			path = Modal;
			sourceTree = "<group>";
		};
		DA28073B238D087400C6547A /* Products List Screen */ = {
			isa = PBXGroup;
			children = (
				DA28073C238D088B00C6547A /* Controllers */,
				DA28073E238D08A000C6547A /* Modal */,
				DA28073D238D089900C6547A /* Custom View */,
			);
			path = "Products List Screen";
			sourceTree = "<group>";
		};
		DA28073C238D088B00C6547A /* Controllers */ = {
			isa = PBXGroup;
			children = (
				69F97D3223B339D600096E99 /* Calculator Screen */,
				DA280725238A829300C6547A /* MyProductsVC.swift */,
				DA28072D238BF02F00C6547A /* NewEntityVC.swift */,
			);
			path = Controllers;
			sourceTree = "<group>";
		};
		DA28073D238D089900C6547A /* Custom View */ = {
			isa = PBXGroup;
			children = (
				DA280727238AAA3F00C6547A /* EntityCell.swift */,
				69368ABD239AC5DE009BE537 /* SmallTextField.swift */,
			);
			path = "Custom View";
			sourceTree = "<group>";
		};
		DA28073E238D08A000C6547A /* Modal */ = {
			isa = PBXGroup;
			children = (
				DA280729238AB0EC00C6547A /* Entity.swift */,
				DA280741238D514900C6547A /* EntitiesFilter.swift */,
			);
			path = Modal;
			sourceTree = "<group>";
		};
		DA280743238D6FCD00C6547A /* Login Screen */ = {
			isa = PBXGroup;
			children = (
				DA280746238D6FF400C6547A /* Controllers */,
				DAB0116F238E6A1200539CAD /* Custom Views */,
				69CBEE5D23A760DA007823F1 /* Modal */,
			);
			path = "Login Screen";
			sourceTree = "<group>";
		};
		DA280746238D6FF400C6547A /* Controllers */ = {
			isa = PBXGroup;
			children = (
				DA280744238D6FE800C6547A /* LoginVC.swift */,
				DA08C8C6238FCCE5003EB10C /* PreLoginVC.swift */,
			);
			path = Controllers;
			sourceTree = "<group>";
		};
		DA53D4AE2393B9B60071F3BC /* Profile Screen */ = {
			isa = PBXGroup;
			children = (
				DA53D4AF2393B9D10071F3BC /* SettingsVC.swift */,
				693736BC239F8EB6003D0137 /* ReadyProductsListVC.swift */,
				693736BE239F8EC2003D0137 /* ReadyProductCell.swift */,
				6935019223A28414009E1C76 /* MessageVC.swift */,
			);
			path = "Profile Screen";
			sourceTree = "<group>";
		};
		DAB0116F238E6A1200539CAD /* Custom Views */ = {
			isa = PBXGroup;
			children = (
				69368AAF2398F005009BE537 /* CustomSegment.swift */,
				69221C61239CDD000026747A /* GoogleButton.swift */,
				69221C63239CDD170026747A /* FacebookButton.swift */,
				691B807123A77A5E0053FF59 /* AppleButton.swift */,
			);
			path = "Custom Views";
			sourceTree = "<group>";
		};
		DAC0D2EC2387CD7100BFC4C4 /* Managers */ = {
			isa = PBXGroup;
			children = (
				DAC0D2F12387D51F00BFC4C4 /* DateManager.swift */,
				DAD7EEAB2386737200D251F1 /* Firebase.swift */,
				DAC0D2EA2386DC4400BFC4C4 /* AlertManager.swift */,
				DAB0116D238E69F800539CAD /* Authentication.swift */,
				DAA4BD35238FAE3600A34F68 /* AdMob.swift */,
			);
			path = Managers;
			sourceTree = "<group>";
		};
		DAC0D2F02387CD9B00BFC4C4 /* Views */ = {
			isa = PBXGroup;
			children = (
				DAD7EE962386646200D251F1 /* Main.storyboard */,
				DAD7EE9B2386646400D251F1 /* LaunchScreen.storyboard */,
				69221C65239CE0500026747A /* CustomButton.swift */,
				69368AB12398FA84009BE537 /* CustomParentButton.swift */,
				69368AB3239906A8009BE537 /* CustomTextField.swift */,
				6901D664239CE74F00646EEA /* CustomCellView.swift */,
				69368AB723995619009BE537 /* GradiantViewOrange.swift */,
				69368AB9239A5809009BE537 /* GradientViewBlack.swift */,
				69F97D8623B39D9C00096E99 /* AdjustableTextLabel.swift */,
			);
			path = Views;
			sourceTree = "<group>";
		};
		DAD7EE842386646200D251F1 = {
			isa = PBXGroup;
			children = (
				DAD7EE8F2386646200D251F1 /* MyDailyCalories */,
				DAD7EE8E2386646200D251F1 /* Products */,
				A1A6480F45DE8021CBFE9398 /* Pods */,
				522F1E2816671EABFE4F3B3A /* Frameworks */,
			);
			sourceTree = "<group>";
		};
		DAD7EE8E2386646200D251F1 /* Products */ = {
			isa = PBXGroup;
			children = (
				DAD7EE8D2386646200D251F1 /* MyDailyCalories.app */,
			);
			name = Products;
			sourceTree = "<group>";
		};
		DAD7EE8F2386646200D251F1 /* MyDailyCalories */ = {
			isa = PBXGroup;
			children = (
				69F97D6D23B3853800096E99 /* Base.proj */,
				DA7DC1152394089D009B6CF7 /* MyDailyCalories.entitlements */,
				DAD7EEA42386647900D251F1 /* Service */,
				DA53D4AE2393B9B60071F3BC /* Profile Screen */,
				DAC0D2EC2387CD7100BFC4C4 /* Managers */,
				DA280743238D6FCD00C6547A /* Login Screen */,
				DA28073B238D087400C6547A /* Products List Screen */,
				DA280737238D082900C6547A /* My Daily Screen */,
				DAC0D2F02387CD9B00BFC4C4 /* Views */,
				693736C423A21DDD003D0137 /* Intro Screens */,
			);
			path = MyDailyCalories;
			sourceTree = "<group>";
		};
		DAD7EEA42386647900D251F1 /* Service */ = {
			isa = PBXGroup;
			children = (
				DAD7EE902386646200D251F1 /* AppDelegate.swift */,
				DAD7EE922386646200D251F1 /* SceneDelegate.swift */,
				DAD7EE992386646400D251F1 /* Assets.xcassets */,
				DAD7EE9E2386646400D251F1 /* Info.plist */,
				694C1B322397E2A800466762 /* GoogleService-Info.plist */,
			);
			path = Service;
			sourceTree = "<group>";
		};
/* End PBXGroup section */

/* Begin PBXNativeTarget section */
		DAD7EE8C2386646200D251F1 /* MyDailyCalories */ = {
			isa = PBXNativeTarget;
			buildConfigurationList = DAD7EEA12386646400D251F1 /* Build configuration list for PBXNativeTarget "MyDailyCalories" */;
			buildPhases = (
				D955912948EE39ACA9DF785F /* [CP] Check Pods Manifest.lock */,
				DAD7EE892386646200D251F1 /* Sources */,
				DAD7EE8A2386646200D251F1 /* Frameworks */,
				DAD7EE8B2386646200D251F1 /* Resources */,
				E3B0C672C40423B07F9C9D75 /* [CP] Embed Pods Frameworks */,
				B04C033E97C8FB3D0B6B65C9 /* [CP] Copy Pods Resources */,
				6935019423A6334F009E1C76 /* ShellScript */,
			);
			buildRules = (
			);
			dependencies = (
			);
			name = MyDailyCalories;
			productName = MyDailyCalories;
			productReference = DAD7EE8D2386646200D251F1 /* MyDailyCalories.app */;
			productType = "com.apple.product-type.application";
		};
/* End PBXNativeTarget section */

/* Begin PBXProject section */
		DAD7EE852386646200D251F1 /* Project object */ = {
			isa = PBXProject;
			attributes = {
				LastSwiftUpdateCheck = 1100;
				LastUpgradeCheck = 1100;
				ORGANIZATIONNAME = "VADIM FIRSOV";
				TargetAttributes = {
					DAD7EE8C2386646200D251F1 = {
						CreatedOnToolsVersion = 11.0;
					};
				};
			};
			buildConfigurationList = DAD7EE882386646200D251F1 /* Build configuration list for PBXProject "MyDailyCalories" */;
			compatibilityVersion = "Xcode 9.3";
			developmentRegion = en;
			hasScannedForEncodings = 0;
			knownRegions = (
				en,
				Base,
				ru,
				es,
				"zh-Hans",
				ja,
				fr,
				de,
				it,
			);
			mainGroup = DAD7EE842386646200D251F1;
			productRefGroup = DAD7EE8E2386646200D251F1 /* Products */;
			projectDirPath = "";
			projectRoot = "";
			targets = (
				DAD7EE8C2386646200D251F1 /* MyDailyCalories */,
			);
		};
/* End PBXProject section */

/* Begin PBXResourcesBuildPhase section */
		DAD7EE8B2386646200D251F1 /* Resources */ = {
			isa = PBXResourcesBuildPhase;
			buildActionMask = 2147483647;
			files = (
				69F97D7023B385A300096E99 /* Localizable.strings in Resources */,
				DAD7EE9D2386646400D251F1 /* LaunchScreen.storyboard in Resources */,
				694C1B332397E2A800466762 /* GoogleService-Info.plist in Resources */,
				DAD7EE9A2386646400D251F1 /* Assets.xcassets in Resources */,
				DAD7EE982386646200D251F1 /* Main.storyboard in Resources */,
			);
			runOnlyForDeploymentPostprocessing = 0;
		};
/* End PBXResourcesBuildPhase section */

/* Begin PBXShellScriptBuildPhase section */
		6935019423A6334F009E1C76 /* ShellScript */ = {
			isa = PBXShellScriptBuildPhase;
			buildActionMask = 2147483647;
			files = (
			);
			inputFileListPaths = (
			);
			inputPaths = (
			);
			outputFileListPaths = (
			);
			outputPaths = (
			);
			runOnlyForDeploymentPostprocessing = 0;
			shellPath = /bin/sh;
			shellScript = "# Type a script or drag a script file from your workspace to insert its path.\n\"${PODS_ROOT}/Fabric/run\"\n";
		};
		B04C033E97C8FB3D0B6B65C9 /* [CP] Copy Pods Resources */ = {
			isa = PBXShellScriptBuildPhase;
			buildActionMask = 2147483647;
			files = (
			);
			inputPaths = (
				"${SRCROOT}/Pods/Target Support Files/Pods-MyDailyCalories/Pods-MyDailyCalories-resources.sh",
				"${PODS_CONFIGURATION_BUILD_DIR}/FirebaseUI/FirebaseAuthUI.bundle",
				"${PODS_CONFIGURATION_BUILD_DIR}/FirebaseUI/FirebaseFacebookAuthUI.bundle",
				"${PODS_CONFIGURATION_BUILD_DIR}/FirebaseUI/FirebaseGoogleAuthUI.bundle",
				"${PODS_CONFIGURATION_BUILD_DIR}/FirebaseUI/FirebasePhoneAuthUI.bundle",
				"${PODS_ROOT}/GoogleSignIn/Resources/GoogleSignIn.bundle",
			);
			name = "[CP] Copy Pods Resources";
			outputPaths = (
				"${TARGET_BUILD_DIR}/${UNLOCALIZED_RESOURCES_FOLDER_PATH}/FirebaseAuthUI.bundle",
				"${TARGET_BUILD_DIR}/${UNLOCALIZED_RESOURCES_FOLDER_PATH}/FirebaseFacebookAuthUI.bundle",
				"${TARGET_BUILD_DIR}/${UNLOCALIZED_RESOURCES_FOLDER_PATH}/FirebaseGoogleAuthUI.bundle",
				"${TARGET_BUILD_DIR}/${UNLOCALIZED_RESOURCES_FOLDER_PATH}/FirebasePhoneAuthUI.bundle",
				"${TARGET_BUILD_DIR}/${UNLOCALIZED_RESOURCES_FOLDER_PATH}/GoogleSignIn.bundle",
			);
			runOnlyForDeploymentPostprocessing = 0;
			shellPath = /bin/sh;
			shellScript = "\"${SRCROOT}/Pods/Target Support Files/Pods-MyDailyCalories/Pods-MyDailyCalories-resources.sh\"\n";
			showEnvVarsInLog = 0;
		};
		D955912948EE39ACA9DF785F /* [CP] Check Pods Manifest.lock */ = {
			isa = PBXShellScriptBuildPhase;
			buildActionMask = 2147483647;
			files = (
			);
			inputPaths = (
				"${PODS_PODFILE_DIR_PATH}/Podfile.lock",
				"${PODS_ROOT}/Manifest.lock",
			);
			name = "[CP] Check Pods Manifest.lock";
			outputPaths = (
				"$(DERIVED_FILE_DIR)/Pods-MyDailyCalories-checkManifestLockResult.txt",
			);
			runOnlyForDeploymentPostprocessing = 0;
			shellPath = /bin/sh;
			shellScript = "diff \"${PODS_PODFILE_DIR_PATH}/Podfile.lock\" \"${PODS_ROOT}/Manifest.lock\" > /dev/null\nif [ $? != 0 ] ; then\n    # print error to STDERR\n    echo \"error: The sandbox is not in sync with the Podfile.lock. Run 'pod install' or update your CocoaPods installation.\" >&2\n    exit 1\nfi\n# This output is used by Xcode 'outputs' to avoid re-running this script phase.\necho \"SUCCESS\" > \"${SCRIPT_OUTPUT_FILE_0}\"\n";
			showEnvVarsInLog = 0;
		};
		E3B0C672C40423B07F9C9D75 /* [CP] Embed Pods Frameworks */ = {
			isa = PBXShellScriptBuildPhase;
			buildActionMask = 2147483647;
			files = (
			);
			inputPaths = (
				"${SRCROOT}/Pods/Target Support Files/Pods-MyDailyCalories/Pods-MyDailyCalories-frameworks.sh",
				"${BUILT_PRODUCTS_DIR}/AppAuth/AppAuth.framework",
				"${BUILT_PRODUCTS_DIR}/FBSDKCoreKit/FBSDKCoreKit.framework",
				"${BUILT_PRODUCTS_DIR}/FBSDKLoginKit/FBSDKLoginKit.framework",
				"${BUILT_PRODUCTS_DIR}/GTMAppAuth/GTMAppAuth.framework",
				"${BUILT_PRODUCTS_DIR}/GTMSessionFetcher/GTMSessionFetcher.framework",
				"${BUILT_PRODUCTS_DIR}/GoogleUtilities/GoogleUtilities.framework",
				"${BUILT_PRODUCTS_DIR}/leveldb-library/leveldb.framework",
				"${BUILT_PRODUCTS_DIR}/nanopb/nanopb.framework",
			);
			name = "[CP] Embed Pods Frameworks";
			outputPaths = (
				"${TARGET_BUILD_DIR}/${FRAMEWORKS_FOLDER_PATH}/AppAuth.framework",
				"${TARGET_BUILD_DIR}/${FRAMEWORKS_FOLDER_PATH}/FBSDKCoreKit.framework",
				"${TARGET_BUILD_DIR}/${FRAMEWORKS_FOLDER_PATH}/FBSDKLoginKit.framework",
				"${TARGET_BUILD_DIR}/${FRAMEWORKS_FOLDER_PATH}/GTMAppAuth.framework",
				"${TARGET_BUILD_DIR}/${FRAMEWORKS_FOLDER_PATH}/GTMSessionFetcher.framework",
				"${TARGET_BUILD_DIR}/${FRAMEWORKS_FOLDER_PATH}/GoogleUtilities.framework",
				"${TARGET_BUILD_DIR}/${FRAMEWORKS_FOLDER_PATH}/leveldb.framework",
				"${TARGET_BUILD_DIR}/${FRAMEWORKS_FOLDER_PATH}/nanopb.framework",
			);
			runOnlyForDeploymentPostprocessing = 0;
			shellPath = /bin/sh;
			shellScript = "\"${SRCROOT}/Pods/Target Support Files/Pods-MyDailyCalories/Pods-MyDailyCalories-frameworks.sh\"\n";
			showEnvVarsInLog = 0;
		};
/* End PBXShellScriptBuildPhase section */

/* Begin PBXSourcesBuildPhase section */
		DAD7EE892386646200D251F1 /* Sources */ = {
			isa = PBXSourcesBuildPhase;
			buildActionMask = 2147483647;
			files = (
				69CBEE5C23A760D3007823F1 /* AppleSignIn.swift in Sources */,
				69368AB4239906A8009BE537 /* CustomTextField.swift in Sources */,
				69368ABC239A5B87009BE537 /* SmallButton.swift in Sources */,
				DAC0D2EB2386DC4400BFC4C4 /* AlertManager.swift in Sources */,
				DAD7EEAC2386737200D251F1 /* Firebase.swift in Sources */,
				DA280736238C1EC800C6547A /* CartEntity.swift in Sources */,
				69221C64239CDD170026747A /* FacebookButton.swift in Sources */,
				DA280745238D6FE800C6547A /* LoginVC.swift in Sources */,
				DA53D4B02393B9D10071F3BC /* SettingsVC.swift in Sources */,
				DAD7EE952386646200D251F1 /* DailyCalsVC.swift in Sources */,
				693736BF239F8EC2003D0137 /* ReadyProductCell.swift in Sources */,
				DAB0116E238E69F800539CAD /* Authentication.swift in Sources */,
				69368ABE239AC5DE009BE537 /* SmallTextField.swift in Sources */,
				6901D665239CE74F00646EEA /* CustomCellView.swift in Sources */,
				DAD7EEA623866F0700D251F1 /* ProductCell.swift in Sources */,
				DA280742238D514900C6547A /* EntitiesFilter.swift in Sources */,
				DA28072E238BF02F00C6547A /* NewEntityVC.swift in Sources */,
				69368AB22398FA84009BE537 /* CustomParentButton.swift in Sources */,
				DA280726238A829300C6547A /* MyProductsVC.swift in Sources */,
				693736B9239E98DC003D0137 /* MyProductsIntroVC.swift in Sources */,
				69221C62239CDD000026747A /* GoogleButton.swift in Sources */,
				69368AB02398F005009BE537 /* CustomSegment.swift in Sources */,
				693736BB239F8874003D0137 /* HintsManager.swift in Sources */,
				DA280734238C1D2100C6547A /* CartEntityCell.swift in Sources */,
				DA08C8C7238FCCE5003EB10C /* PreLoginVC.swift in Sources */,
				691B807223A77A5E0053FF59 /* AppleButton.swift in Sources */,
				DA28072C238BE41C00C6547A /* NewProductVC.swift in Sources */,
				DAD7EE912386646200D251F1 /* AppDelegate.swift in Sources */,
				DA280732238C1B9F00C6547A /* CartVC.swift in Sources */,
				693736BD239F8EB6003D0137 /* ReadyProductsListVC.swift in Sources */,
				DAD7EE932386646200D251F1 /* SceneDelegate.swift in Sources */,
				693736C623A2262F003D0137 /* FocusView.swift in Sources */,
				69368ABA239A5809009BE537 /* GradientViewBlack.swift in Sources */,
				DA28072A238AB0EC00C6547A /* Entity.swift in Sources */,
				693736C323A21DD6003D0137 /* CalculatorIntroVC.swift in Sources */,
				DAD7EEA8238671FB00D251F1 /* Product.swift in Sources */,
				DA280728238AAA3F00C6547A /* EntityCell.swift in Sources */,
				DAA4BD36238FAE3600A34F68 /* AdMob.swift in Sources */,
				69221C66239CE0500026747A /* CustomButton.swift in Sources */,
				DA280730238BFCCF00C6547A /* CalculatorVC.swift in Sources */,
				69F97D8723B39D9C00096E99 /* AdjustableTextLabel.swift in Sources */,
				69368AB823995619009BE537 /* GradiantViewOrange.swift in Sources */,
				DAC0D2F22387D51F00BFC4C4 /* DateManager.swift in Sources */,
				6935019323A28414009E1C76 /* MessageVC.swift in Sources */,
			);
			runOnlyForDeploymentPostprocessing = 0;
		};
/* End PBXSourcesBuildPhase section */

/* Begin PBXVariantGroup section */
		69F97D7223B385A300096E99 /* Localizable.strings */ = {
			isa = PBXVariantGroup;
			children = (
				69F97D7123B385A300096E99 /* en */,
				69F97D7323B385A800096E99 /* ru */,
				69F97D7623B38A5E00096E99 /* es */,
				69F97D7923B38A9600096E99 /* zh-Hans */,
				69F97D7C23B38A9B00096E99 /* ja */,
				69F97D7F23B38AA800096E99 /* fr */,
				69F97D8223B38AAE00096E99 /* de */,
				69F97D8523B38AB900096E99 /* it */,
			);
			name = Localizable.strings;
			path = MyDailyCalories;
			sourceTree = SOURCE_ROOT;
		};
		DAD7EE962386646200D251F1 /* Main.storyboard */ = {
			isa = PBXVariantGroup;
			children = (
				DAD7EE972386646200D251F1 /* Base */,
				69F97D6223B37C3700096E99 /* ru */,
				69F97D7423B38A5E00096E99 /* es */,
				69F97D7723B38A9500096E99 /* zh-Hans */,
				69F97D7A23B38A9A00096E99 /* ja */,
				69F97D7D23B38AA800096E99 /* fr */,
				69F97D8023B38AAE00096E99 /* de */,
				69F97D8323B38AB900096E99 /* it */,
			);
			name = Main.storyboard;
			sourceTree = "<group>";
		};
		DAD7EE9B2386646400D251F1 /* LaunchScreen.storyboard */ = {
			isa = PBXVariantGroup;
			children = (
				DAD7EE9C2386646400D251F1 /* Base */,
				69F97D6323B37C3700096E99 /* ru */,
				69F97D7523B38A5E00096E99 /* es */,
				69F97D7823B38A9500096E99 /* zh-Hans */,
				69F97D7B23B38A9B00096E99 /* ja */,
				69F97D7E23B38AA800096E99 /* fr */,
				69F97D8123B38AAE00096E99 /* de */,
				69F97D8423B38AB900096E99 /* it */,
			);
			name = LaunchScreen.storyboard;
			sourceTree = "<group>";
		};
/* End PBXVariantGroup section */

/* Begin XCBuildConfiguration section */
		DAD7EE9F2386646400D251F1 /* Debug */ = {
			isa = XCBuildConfiguration;
			buildSettings = {
				ALWAYS_SEARCH_USER_PATHS = NO;
				CLANG_ANALYZER_LOCALIZABILITY_NONLOCALIZED = YES;
				CLANG_ANALYZER_NONNULL = YES;
				CLANG_ANALYZER_NUMBER_OBJECT_CONVERSION = YES_AGGRESSIVE;
				CLANG_CXX_LANGUAGE_STANDARD = "gnu++14";
				CLANG_CXX_LIBRARY = "libc++";
				CLANG_ENABLE_MODULES = YES;
				CLANG_ENABLE_OBJC_ARC = YES;
				CLANG_ENABLE_OBJC_WEAK = YES;
				CLANG_WARN_BLOCK_CAPTURE_AUTORELEASING = YES;
				CLANG_WARN_BOOL_CONVERSION = YES;
				CLANG_WARN_COMMA = YES;
				CLANG_WARN_CONSTANT_CONVERSION = YES;
				CLANG_WARN_DEPRECATED_OBJC_IMPLEMENTATIONS = YES;
				CLANG_WARN_DIRECT_OBJC_ISA_USAGE = YES_ERROR;
				CLANG_WARN_DOCUMENTATION_COMMENTS = YES;
				CLANG_WARN_EMPTY_BODY = YES;
				CLANG_WARN_ENUM_CONVERSION = YES;
				CLANG_WARN_INFINITE_RECURSION = YES;
				CLANG_WARN_INT_CONVERSION = YES;
				CLANG_WARN_NON_LITERAL_NULL_CONVERSION = YES;
				CLANG_WARN_OBJC_IMPLICIT_RETAIN_SELF = YES;
				CLANG_WARN_OBJC_LITERAL_CONVERSION = YES;
				CLANG_WARN_OBJC_ROOT_CLASS = YES_ERROR;
				CLANG_WARN_RANGE_LOOP_ANALYSIS = YES;
				CLANG_WARN_STRICT_PROTOTYPES = YES;
				CLANG_WARN_SUSPICIOUS_MOVE = YES;
				CLANG_WARN_UNGUARDED_AVAILABILITY = YES_AGGRESSIVE;
				CLANG_WARN_UNREACHABLE_CODE = YES;
				CLANG_WARN__DUPLICATE_METHOD_MATCH = YES;
				COPY_PHASE_STRIP = NO;
				DEBUG_INFORMATION_FORMAT = dwarf;
				ENABLE_STRICT_OBJC_MSGSEND = YES;
				ENABLE_TESTABILITY = YES;
				GCC_C_LANGUAGE_STANDARD = gnu11;
				GCC_DYNAMIC_NO_PIC = NO;
				GCC_NO_COMMON_BLOCKS = YES;
				GCC_OPTIMIZATION_LEVEL = 0;
				GCC_PREPROCESSOR_DEFINITIONS = (
					"DEBUG=1",
					"$(inherited)",
				);
				GCC_WARN_64_TO_32_BIT_CONVERSION = YES;
				GCC_WARN_ABOUT_RETURN_TYPE = YES_ERROR;
				GCC_WARN_UNDECLARED_SELECTOR = YES;
				GCC_WARN_UNINITIALIZED_AUTOS = YES_AGGRESSIVE;
				GCC_WARN_UNUSED_FUNCTION = YES;
				GCC_WARN_UNUSED_VARIABLE = YES;
				IPHONEOS_DEPLOYMENT_TARGET = 13.0;
				MTL_ENABLE_DEBUG_INFO = INCLUDE_SOURCE;
				MTL_FAST_MATH = YES;
				ONLY_ACTIVE_ARCH = YES;
				SDKROOT = iphoneos;
				SWIFT_ACTIVE_COMPILATION_CONDITIONS = DEBUG;
				SWIFT_OPTIMIZATION_LEVEL = "-Onone";
			};
			name = Debug;
		};
		DAD7EEA02386646400D251F1 /* Release */ = {
			isa = XCBuildConfiguration;
			buildSettings = {
				ALWAYS_SEARCH_USER_PATHS = NO;
				CLANG_ANALYZER_LOCALIZABILITY_NONLOCALIZED = YES;
				CLANG_ANALYZER_NONNULL = YES;
				CLANG_ANALYZER_NUMBER_OBJECT_CONVERSION = YES_AGGRESSIVE;
				CLANG_CXX_LANGUAGE_STANDARD = "gnu++14";
				CLANG_CXX_LIBRARY = "libc++";
				CLANG_ENABLE_MODULES = YES;
				CLANG_ENABLE_OBJC_ARC = YES;
				CLANG_ENABLE_OBJC_WEAK = YES;
				CLANG_WARN_BLOCK_CAPTURE_AUTORELEASING = YES;
				CLANG_WARN_BOOL_CONVERSION = YES;
				CLANG_WARN_COMMA = YES;
				CLANG_WARN_CONSTANT_CONVERSION = YES;
				CLANG_WARN_DEPRECATED_OBJC_IMPLEMENTATIONS = YES;
				CLANG_WARN_DIRECT_OBJC_ISA_USAGE = YES_ERROR;
				CLANG_WARN_DOCUMENTATION_COMMENTS = YES;
				CLANG_WARN_EMPTY_BODY = YES;
				CLANG_WARN_ENUM_CONVERSION = YES;
				CLANG_WARN_INFINITE_RECURSION = YES;
				CLANG_WARN_INT_CONVERSION = YES;
				CLANG_WARN_NON_LITERAL_NULL_CONVERSION = YES;
				CLANG_WARN_OBJC_IMPLICIT_RETAIN_SELF = YES;
				CLANG_WARN_OBJC_LITERAL_CONVERSION = YES;
				CLANG_WARN_OBJC_ROOT_CLASS = YES_ERROR;
				CLANG_WARN_RANGE_LOOP_ANALYSIS = YES;
				CLANG_WARN_STRICT_PROTOTYPES = YES;
				CLANG_WARN_SUSPICIOUS_MOVE = YES;
				CLANG_WARN_UNGUARDED_AVAILABILITY = YES_AGGRESSIVE;
				CLANG_WARN_UNREACHABLE_CODE = YES;
				CLANG_WARN__DUPLICATE_METHOD_MATCH = YES;
				COPY_PHASE_STRIP = NO;
				DEBUG_INFORMATION_FORMAT = "dwarf-with-dsym";
				ENABLE_NS_ASSERTIONS = NO;
				ENABLE_STRICT_OBJC_MSGSEND = YES;
				GCC_C_LANGUAGE_STANDARD = gnu11;
				GCC_NO_COMMON_BLOCKS = YES;
				GCC_WARN_64_TO_32_BIT_CONVERSION = YES;
				GCC_WARN_ABOUT_RETURN_TYPE = YES_ERROR;
				GCC_WARN_UNDECLARED_SELECTOR = YES;
				GCC_WARN_UNINITIALIZED_AUTOS = YES_AGGRESSIVE;
				GCC_WARN_UNUSED_FUNCTION = YES;
				GCC_WARN_UNUSED_VARIABLE = YES;
				IPHONEOS_DEPLOYMENT_TARGET = 13.0;
				MTL_ENABLE_DEBUG_INFO = NO;
				MTL_FAST_MATH = YES;
				SDKROOT = iphoneos;
				SWIFT_COMPILATION_MODE = wholemodule;
				SWIFT_OPTIMIZATION_LEVEL = "-O";
				VALIDATE_PRODUCT = YES;
			};
			name = Release;
		};
		DAD7EEA22386646400D251F1 /* Debug */ = {
			isa = XCBuildConfiguration;
			baseConfigurationReference = 100AFFAD627FAB9BA95D3C20 /* Pods-MyDailyCalories.debug.xcconfig */;
			buildSettings = {
				ASSETCATALOG_COMPILER_APPICON_NAME = AppIcon;
				CODE_SIGN_ENTITLEMENTS = MyDailyCalories/MyDailyCalories.entitlements;
				CODE_SIGN_STYLE = Automatic;
				CURRENT_PROJECT_VERSION = 5;
				DEBUG_INFORMATION_FORMAT = "dwarf-with-dsym";
				DEVELOPMENT_TEAM = 9QLK6ZXZ8V;
				INFOPLIST_FILE = MyDailyCalories/Service/Info.plist;
				IPHONEOS_DEPLOYMENT_TARGET = 9.0;
				LD_RUNPATH_SEARCH_PATHS = (
					"$(inherited)",
					"@executable_path/Frameworks",
				);
				MARKETING_VERSION = 1.2;
				PRODUCT_BUNDLE_IDENTIFIER = com.vadimfirsov.MyDailyCalories;
				PRODUCT_NAME = "$(TARGET_NAME)";
				SWIFT_VERSION = 5.0;
				TARGETED_DEVICE_FAMILY = "1,2";
			};
			name = Debug;
		};
		DAD7EEA32386646400D251F1 /* Release */ = {
			isa = XCBuildConfiguration;
			baseConfigurationReference = DC9ADA578BC3581A3BDDB329 /* Pods-MyDailyCalories.release.xcconfig */;
			buildSettings = {
				ASSETCATALOG_COMPILER_APPICON_NAME = AppIcon;
				CODE_SIGN_ENTITLEMENTS = MyDailyCalories/MyDailyCalories.entitlements;
				CODE_SIGN_STYLE = Automatic;
				CURRENT_PROJECT_VERSION = 5;
				DEVELOPMENT_TEAM = 9QLK6ZXZ8V;
				INFOPLIST_FILE = MyDailyCalories/Service/Info.plist;
				IPHONEOS_DEPLOYMENT_TARGET = 9.0;
				LD_RUNPATH_SEARCH_PATHS = (
					"$(inherited)",
					"@executable_path/Frameworks",
				);
				MARKETING_VERSION = 1.2;
				PRODUCT_BUNDLE_IDENTIFIER = com.vadimfirsov.MyDailyCalories;
				PRODUCT_NAME = "$(TARGET_NAME)";
				SWIFT_VERSION = 5.0;
				TARGETED_DEVICE_FAMILY = "1,2";
			};
			name = Release;
		};
/* End XCBuildConfiguration section */

/* Begin XCConfigurationList section */
		DAD7EE882386646200D251F1 /* Build configuration list for PBXProject "MyDailyCalories" */ = {
			isa = XCConfigurationList;
			buildConfigurations = (
				DAD7EE9F2386646400D251F1 /* Debug */,
				DAD7EEA02386646400D251F1 /* Release */,
			);
			defaultConfigurationIsVisible = 0;
			defaultConfigurationName = Release;
		};
		DAD7EEA12386646400D251F1 /* Build configuration list for PBXNativeTarget "MyDailyCalories" */ = {
			isa = XCConfigurationList;
			buildConfigurations = (
				DAD7EEA22386646400D251F1 /* Debug */,
				DAD7EEA32386646400D251F1 /* Release */,
			);
			defaultConfigurationIsVisible = 0;
			defaultConfigurationName = Release;
		};
/* End XCConfigurationList section */
	};
	rootObject = DAD7EE852386646200D251F1 /* Project object */;
}
